
Microsoft Visual Studio Solution File, Format Version 12.00
# Visual Studio Version 17
VisualStudioVersion = 17.8.34309.116
MinimumVisualStudioVersion = 10.0.40219.1
Project("{9A19103F-16F7-4668-BE54-9A1E7A4F7556}") = "EAU.App", "EAU.App.csproj", "{D16F2DAD-6E1F-469B-B5CF-A101FB7E4F39}"
EndProject
Project("{FAE04EC0-301F-11D3-BF4B-00C04F79EFBC}") = "EAU.Service", "..\EAU.Service\EAU.Service.csproj", "{23CED5D1-AE10-4A2D-9F63-F277333D3C06}"
EndProject
Project("{FAE04EC0-301F-11D3-BF4B-00C04F79EFBC}") = "EAU.Repository", "..\EAU.Repository\EAU.Repository.csproj", "{CD6E703F-6402-4A54-A747-E51F37A969DB}"
EndProject
Project("{FAE04EC0-301F-11D3-BF4B-00C04F79EFBC}") = "EAU.Core", "..\EAU.Core\EAU.Core.csproj", "{7C4C6325-510E-42D1-9030-9C2C81650D43}"
EndProject
Global
	GlobalSection(SolutionConfigurationPlatforms) = preSolution
		Debug|Any CPU = Debug|Any CPU
		Release|Any CPU = Release|Any CPU
	EndGlobalSection
	GlobalSection(ProjectConfigurationPlatforms) = postSolution
		{D16F2DAD-6E1F-469B-B5CF-A101FB7E4F39}.Debug|Any CPU.ActiveCfg = Debug|Any CPU
		{D16F2DAD-6E1F-469B-B5CF-A101FB7E4F39}.Debug|Any CPU.Build.0 = Debug|Any CPU
		{D16F2DAD-6E1F-469B-B5CF-A101FB7E4F39}.Release|Any CPU.ActiveCfg = Release|Any CPU
		{D16F2DAD-6E1F-469B-B5CF-A101FB7E4F39}.Release|Any CPU.Build.0 = Release|Any CPU
		{23CED5D1-AE10-4A2D-9F63-F277333D3C06}.Debug|Any CPU.ActiveCfg = Debug|Any CPU
		{23CED5D1-AE10-4A2D-9F63-F277333D3C06}.Debug|Any CPU.Build.0 = Debug|Any CPU
		{23CED5D1-AE10-4A2D-9F63-F277333D3C06}.Release|Any CPU.ActiveCfg = Release|Any CPU
		{23CED5D1-AE10-4A2D-9F63-F277333D3C06}.Release|Any CPU.Build.0 = Release|Any CPU
		{CD6E703F-6402-4A54-A747-E51F37A969DB}.Debug|Any CPU.ActiveCfg = Debug|Any CPU
		{CD6E703F-6402-4A54-A747-E51F37A969DB}.Debug|Any CPU.Build.0 = Debug|Any CPU
		{CD6E703F-6402-4A54-A747-E51F37A969DB}.Release|Any CPU.ActiveCfg = Release|Any CPU
		{CD6E703F-6402-4A54-A747-E51F37A969DB}.Release|Any CPU.Build.0 = Release|Any CPU
		{7C4C6325-510E-42D1-9030-9C2C81650D43}.Debug|Any CPU.ActiveCfg = Debug|Any CPU
		{7C4C6325-510E-42D1-9030-9C2C81650D43}.Debug|Any CPU.Build.0 = Debug|Any CPU
		{7C4C6325-510E-42D1-9030-9C2C81650D43}.Release|Any CPU.ActiveCfg = Release|Any CPU
		{7C4C6325-510E-42D1-9030-9C2C81650D43}.Release|Any CPU.Build.0 = Release|Any CPU
	EndGlobalSection
	GlobalSection(SolutionProperties) = preSolution
		HideSolutionNode = FALSE
	EndGlobalSection
	GlobalSection(ExtensibilityGlobals) = postSolution
		SolutionGuid = {1AC6758C-1A02-4656-B7F9-018E3473A797}
	EndGlobalSection
EndGlobal
